// !$*UTF8*$!
{
	archiveVersion = 1;
	classes = {
	};
	objectVersion = 50;
	objects = {

/* Begin PBXBuildFile section */
		08533FCD25D02AA900D4E0BA /* PlaySoundsViewController+Audio.swift in Sources */ = {isa = PBXBuildFile; fileRef = 08533FCC25D02AA900D4E0BA /* PlaySoundsViewController+Audio.swift */; };
		0877D87025BF5AFF00519A1B /* AppDelegate.swift in Sources */ = {isa = PBXBuildFile; fileRef = 0877D86F25BF5AFF00519A1B /* AppDelegate.swift */; };
		0877D87225BF5AFF00519A1B /* SceneDelegate.swift in Sources */ = {isa = PBXBuildFile; fileRef = 0877D87125BF5AFF00519A1B /* SceneDelegate.swift */; };
		0877D87425BF5AFF00519A1B /* RecordSoundsViewController.swift in Sources */ = {isa = PBXBuildFile; fileRef = 0877D87325BF5AFF00519A1B /* RecordSoundsViewController.swift */; };
		0877D87725BF5AFF00519A1B /* Main.storyboard in Resources */ = {isa = PBXBuildFile; fileRef = 0877D87525BF5AFF00519A1B /* Main.storyboard */; };
		0877D87925BF5B0300519A1B /* Assets.xcassets in Resources */ = {isa = PBXBuildFile; fileRef = 0877D87825BF5B0300519A1B /* Assets.xcassets */; };
		0877D87C25BF5B0300519A1B /* LaunchScreen.storyboard in Resources */ = {isa = PBXBuildFile; fileRef = 0877D87A25BF5B0300519A1B /* LaunchScreen.storyboard */; };
		0877D88A25D004DF00519A1B /* playSoundsViewController.swift in Sources */ = {isa = PBXBuildFile; fileRef = 0877D88925D004DF00519A1B /* playSoundsViewController.swift */; };
/* End PBXBuildFile section */

/* Begin PBXFileReference section */
		08533FCC25D02AA900D4E0BA /* PlaySoundsViewController+Audio.swift */ = {isa = PBXFileReference; lastKnownFileType = sourcecode.swift; path = "PlaySoundsViewController+Audio.swift"; sourceTree = "<group>"; };
		0877D86C25BF5AFF00519A1B /* Pitchperfect practice.app */ = {isa = PBXFileReference; explicitFileType = wrapper.application; includeInIndex = 0; path = "Pitchperfect practice.app"; sourceTree = BUILT_PRODUCTS_DIR; };
		0877D86F25BF5AFF00519A1B /* AppDelegate.swift */ = {isa = PBXFileReference; lastKnownFileType = sourcecode.swift; path = AppDelegate.swift; sourceTree = "<group>"; };
		0877D87125BF5AFF00519A1B /* SceneDelegate.swift */ = {isa = PBXFileReference; lastKnownFileType = sourcecode.swift; path = SceneDelegate.swift; sourceTree = "<group>"; };
		0877D87325BF5AFF00519A1B /* RecordSoundsViewController.swift */ = {isa = PBXFileReference; lastKnownFileType = sourcecode.swift; path = RecordSoundsViewController.swift; sourceTree = "<group>"; };
		0877D87625BF5AFF00519A1B /* Base */ = {isa = PBXFileReference; lastKnownFileType = file.storyboard; name = Base; path = Base.lproj/Main.storyboard; sourceTree = "<group>"; };
		0877D87825BF5B0300519A1B /* Assets.xcassets */ = {isa = PBXFileReference; lastKnownFileType = folder.assetcatalog; path = Assets.xcassets; sourceTree = "<group>"; };
		0877D87B25BF5B0300519A1B /* Base */ = {isa = PBXFileReference; lastKnownFileType = file.storyboard; name = Base; path = Base.lproj/LaunchScreen.storyboard; sourceTree = "<group>"; };
		0877D87D25BF5B0300519A1B /* Info.plist */ = {isa = PBXFileReference; lastKnownFileType = text.plist.xml; path = Info.plist; sourceTree = "<group>"; };
		0877D88925D004DF00519A1B /* playSoundsViewController.swift */ = {isa = PBXFileReference; lastKnownFileType = sourcecode.swift; path = playSoundsViewController.swift; sourceTree = "<group>"; };
/* End PBXFileReference section */

/* Begin PBXFrameworksBuildPhase section */
		0877D86925BF5AFF00519A1B /* Frameworks */ = {
			isa = PBXFrameworksBuildPhase;
			buildActionMask = 2147483647;
			files = (
			);
			runOnlyForDeploymentPostprocessing = 0;
		};
/* End PBXFrameworksBuildPhase section */

/* Begin PBXGroup section */
		0877D86325BF5AFF00519A1B = {
			isa = PBXGroup;
			children = (
				0877D86E25BF5AFF00519A1B /* Pitchperfect practice */,
				0877D86D25BF5AFF00519A1B /* Products */,
			);
			sourceTree = "<group>";
		};
		0877D86D25BF5AFF00519A1B /* Products */ = {
			isa = PBXGroup;
			children = (
				0877D86C25BF5AFF00519A1B /* Pitchperfect practice.app */,
			);
			name = Products;
			sourceTree = "<group>";
		};
		0877D86E25BF5AFF00519A1B /* Pitchperfect practice */ = {
			isa = PBXGroup;
			children = (
				0877D86F25BF5AFF00519A1B /* AppDelegate.swift */,
				0877D87125BF5AFF00519A1B /* SceneDelegate.swift */,
				0877D87325BF5AFF00519A1B /* RecordSoundsViewController.swift */,
				0877D87525BF5AFF00519A1B /* Main.storyboard */,
				0877D87825BF5B0300519A1B /* Assets.xcassets */,
				0877D87A25BF5B0300519A1B /* LaunchScreen.storyboard */,
				0877D87D25BF5B0300519A1B /* Info.plist */,
				0877D88925D004DF00519A1B /* playSoundsViewController.swift */,
				08533FCC25D02AA900D4E0BA /* PlaySoundsViewController+Audio.swift */,
			);
			path = "Pitchperfect practice";
			sourceTree = "<group>";
		};
/* End PBXGroup section */

/* Begin PBXNativeTarget section */
		0877D86B25BF5AFF00519A1B /* Pitchperfect practice */ = {
			isa = PBXNativeTarget;
			buildConfigurationList = 0877D88025BF5B0300519A1B /* Build configuration list for PBXNativeTarget "Pitchperfect practice" */;
			buildPhases = (
				0877D86825BF5AFF00519A1B /* Sources */,
				0877D86925BF5AFF00519A1B /* Frameworks */,
				0877D86A25BF5AFF00519A1B /* Resources */,
			);
			buildRules = (
			);
			dependencies = (
			);
			name = "Pitchperfect practice";
			productName = "Pitchperfect practice";
			productReference = 0877D86C25BF5AFF00519A1B /* Pitchperfect practice.app */;
			productType = "com.apple.product-type.application";
		};
/* End PBXNativeTarget section */

/* Begin PBXProject section */
		0877D86425BF5AFF00519A1B /* Project object */ = {
			isa = PBXProject;
			attributes = {
				LastSwiftUpdateCheck = 1220;
				LastUpgradeCheck = 1220;
				TargetAttributes = {
					0877D86B25BF5AFF00519A1B = {
						CreatedOnToolsVersion = 12.2;
					};
				};
			};
			buildConfigurationList = 0877D86725BF5AFF00519A1B /* Build configuration list for PBXProject "Pitchperfect practice" */;
			compatibilityVersion = "Xcode 9.3";
			developmentRegion = en;
			hasScannedForEncodings = 0;
			knownRegions = (
				en,
				Base,
			);
			mainGroup = 0877D86325BF5AFF00519A1B;
			productRefGroup = 0877D86D25BF5AFF00519A1B /* Products */;
			projectDirPath = "";
			projectRoot = "";
			targets = (
				0877D86B25BF5AFF00519A1B /* Pitchperfect practice */,
			);
		};
/* End PBXProject section */

/* Begin PBXResourcesBuildPhase section */
		0877D86A25BF5AFF00519A1B /* Resources */ = {
			isa = PBXResourcesBuildPhase;
			buildActionMask = 2147483647;
			files = (
				0877D87C25BF5B0300519A1B /* LaunchScreen.storyboard in Resources */,
				0877D87925BF5B0300519A1B /* Assets.xcassets in Resources */,
				0877D87725BF5AFF00519A1B /* Main.storyboard in Resources */,
			);
			runOnlyForDeploymentPostprocessing = 0;
		};
/* End PBXResourcesBuildPhase section */

/* Begin PBXSourcesBuildPhase section */
		0877D86825BF5AFF00519A1B /* Sources */ = {
			isa = PBXSourcesBuildPhase;
			buildActionMask = 2147483647;
			files = (
				08533FCD25D02AA900D4E0BA /* PlaySoundsViewController+Audio.swift in Sources */,
				0877D87425BF5AFF00519A1B /* RecordSoundsViewController.swift in Sources */,
				0877D87025BF5AFF00519A1B /* AppDelegate.swift in Sources */,
				0877D88A25D004DF00519A1B /* playSoundsViewController.swift in Sources */,
				0877D87225BF5AFF00519A1B /* SceneDelegate.swift in Sources */,
			);
			runOnlyForDeploymentPostprocessing = 0;
		};
/* End PBXSourcesBuildPhase section */

/* Begin PBXVariantGroup section */
		0877D87525BF5AFF00519A1B /* Main.storyboard */ = {
			isa = PBXVariantGroup;
			children = (
				0877D87625BF5AFF00519A1B /* Base */,
			);
			name = Main.storyboard;
			sourceTree = "<group>";
		};
		0877D87A25BF5B0300519A1B /* LaunchScreen.storyboard */ = {
			isa = PBXVariantGroup;
			children = (
				0877D87B25BF5B0300519A1B /* Base */,
			);
			name = LaunchScreen.storyboard;
			sourceTree = "<group>";
		};
/* End PBXVariantGroup section */

/* Begin XCBuildConfiguration section */
		0877D87E25BF5B0300519A1B /* Debug */ = {
			isa = XCBuildConfiguration;
			buildSettings = {
				ALWAYS_SEARCH_USER_PATHS = NO;
				CLANG_ANALYZER_NONNULL = YES;
				CLANG_ANALYZER_NUMBER_OBJECT_CONVERSION = YES_AGGRESSIVE;
				CLANG_CXX_LANGUAGE_STANDARD = "gnu++14";
				CLANG_CXX_LIBRARY = "libc++";
				CLANG_ENABLE_MODULES = YES;
				CLANG_ENABLE_OBJC_ARC = YES;
				CLANG_ENABLE_OBJC_WEAK = YES;
				CLANG_WARN_BLOCK_CAPTURE_AUTORELEASING = YES;
				CLANG_WARN_BOOL_CONVERSION = YES;
				CLANG_WARN_COMMA = YES;
				CLANG_WARN_CONSTANT_CONVERSION = YES;
				CLANG_WARN_DEPRECATED_OBJC_IMPLEMENTATIONS = YES;
				CLANG_WARN_DIRECT_OBJC_ISA_USAGE = YES_ERROR;
				CLANG_WARN_DOCUMENTATION_COMMENTS = YES;
				CLANG_WARN_EMPTY_BODY = YES;
				CLANG_WARN_ENUM_CONVERSION = YES;
				CLANG_WARN_INFINITE_RECURSION = YES;
				CLANG_WARN_INT_CONVERSION = YES;
				CLANG_WARN_NON_LITERAL_NULL_CONVERSION = YES;
				CLANG_WARN_OBJC_IMPLICIT_RETAIN_SELF = YES;
				CLANG_WARN_OBJC_LITERAL_CONVERSION = YES;
				CLANG_WARN_OBJC_ROOT_CLASS = YES_ERROR;
				CLANG_WARN_QUOTED_INCLUDE_IN_FRAMEWORK_HEADER = YES;
				CLANG_WARN_RANGE_LOOP_ANALYSIS = YES;
				CLANG_WARN_STRICT_PROTOTYPES = YES;
				CLANG_WARN_SUSPICIOUS_MOVE = YES;
				CLANG_WARN_UNGUARDED_AVAILABILITY = YES_AGGRESSIVE;
				CLANG_WARN_UNREACHABLE_CODE = YES;
				CLANG_WARN__DUPLICATE_METHOD_MATCH = YES;
				COPY_PHASE_STRIP = NO;
				DEBUG_INFORMATION_FORMAT = dwarf;
				ENABLE_STRICT_OBJC_MSGSEND = YES;
				ENABLE_TESTABILITY = YES;
				GCC_C_LANGUAGE_STANDARD = gnu11;
				GCC_DYNAMIC_NO_PIC = NO;
				GCC_NO_COMMON_BLOCKS = YES;
				GCC_OPTIMIZATION_LEVEL = 0;
				GCC_PREPROCESSOR_DEFINITIONS = (
					"DEBUG=1",
					"$(inherited)",
				);
				GCC_WARN_64_TO_32_BIT_CONVERSION = YES;
				GCC_WARN_ABOUT_RETURN_TYPE = YES_ERROR;
				GCC_WARN_UNDECLARED_SELECTOR = YES;
				GCC_WARN_UNINITIALIZED_AUTOS = YES_AGGRESSIVE;
				GCC_WARN_UNUSED_FUNCTION = YES;
				GCC_WARN_UNUSED_VARIABLE = YES;
				IPHONEOS_DEPLOYMENT_TARGET = 14.2;
				MTL_ENABLE_DEBUG_INFO = INCLUDE_SOURCE;
				MTL_FAST_MATH = YES;
				ONLY_ACTIVE_ARCH = YES;
				SDKROOT = iphoneos;
				SWIFT_ACTIVE_COMPILATION_CONDITIONS = DEBUG;
				SWIFT_OPTIMIZATION_LEVEL = "-Onone";
			};
			name = Debug;
		};
		0877D87F25BF5B0300519A1B /* Release */ = {
			isa = XCBuildConfiguration;
			buildSettings = {
				ALWAYS_SEARCH_USER_PATHS = NO;
				CLANG_ANALYZER_NONNULL = YES;
				CLANG_ANALYZER_NUMBER_OBJECT_CONVERSION = YES_AGGRESSIVE;
				CLANG_CXX_LANGUAGE_STANDARD = "gnu++14";
				CLANG_CXX_LIBRARY = "libc++";
				CLANG_ENABLE_MODULES = YES;
				CLANG_ENABLE_OBJC_ARC = YES;
				CLANG_ENABLE_OBJC_WEAK = YES;
				CLANG_WARN_BLOCK_CAPTURE_AUTORELEASING = YES;
				CLANG_WARN_BOOL_CONVERSION = YES;
				CLANG_WARN_COMMA = YES;
				CLANG_WARN_CONSTANT_CONVERSION = YES;
				CLANG_WARN_DEPRECATED_OBJC_IMPLEMENTATIONS = YES;
				CLANG_WARN_DIRECT_OBJC_ISA_USAGE = YES_ERROR;
				CLANG_WARN_DOCUMENTATION_COMMENTS = YES;
				CLANG_WARN_EMPTY_BODY = YES;
				CLANG_WARN_ENUM_CONVERSION = YES;
				CLANG_WARN_INFINITE_RECURSION = YES;
				CLANG_WARN_INT_CONVERSION = YES;
				CLANG_WARN_NON_LITERAL_NULL_CONVERSION = YES;
				CLANG_WARN_OBJC_IMPLICIT_RETAIN_SELF = YES;
				CLANG_WARN_OBJC_LITERAL_CONVERSION = YES;
				CLANG_WARN_OBJC_ROOT_CLASS = YES_ERROR;
				CLANG_WARN_QUOTED_INCLUDE_IN_FRAMEWORK_HEADER = YES;
				CLANG_WARN_RANGE_LOOP_ANALYSIS = YES;
				CLANG_WARN_STRICT_PROTOTYPES = YES;
				CLANG_WARN_SUSPICIOUS_MOVE = YES;
				CLANG_WARN_UNGUARDED_AVAILABILITY = YES_AGGRESSIVE;
				CLANG_WARN_UNREACHABLE_CODE = YES;
				CLANG_WARN__DUPLICATE_METHOD_MATCH = YES;
				COPY_PHASE_STRIP = NO;
				DEBUG_INFORMATION_FORMAT = "dwarf-with-dsym";
				ENABLE_NS_ASSERTIONS = NO;
				ENABLE_STRICT_OBJC_MSGSEND = YES;
				GCC_C_LANGUAGE_STANDARD = gnu11;
				GCC_NO_COMMON_BLOCKS = YES;
				GCC_WARN_64_TO_32_BIT_CONVERSION = YES;
				GCC_WARN_ABOUT_RETURN_TYPE = YES_ERROR;
				GCC_WARN_UNDECLARED_SELECTOR = YES;
				GCC_WARN_UNINITIALIZED_AUTOS = YES_AGGRESSIVE;
				GCC_WARN_UNUSED_FUNCTION = YES;
				GCC_WARN_UNUSED_VARIABLE = YES;
				IPHONEOS_DEPLOYMENT_TARGET = 14.2;
				MTL_ENABLE_DEBUG_INFO = NO;
				MTL_FAST_MATH = YES;
				SDKROOT = iphoneos;
				SWIFT_COMPILATION_MODE = wholemodule;
				SWIFT_OPTIMIZATION_LEVEL = "-O";
				VALIDATE_PRODUCT = YES;
			};
			name = Release;
		};
		0877D88125BF5B0300519A1B /* Debug */ = {
			isa = XCBuildConfiguration;
			buildSettings = {
				ASSETCATALOG_COMPILER_APPICON_NAME = AppIcon;
				ASSETCATALOG_COMPILER_GLOBAL_ACCENT_COLOR_NAME = AccentColor;
				CODE_SIGN_IDENTITY = "Apple Development";
				CODE_SIGN_STYLE = Automatic;
				DEVELOPMENT_TEAM = 6ZZTM86HKK;
				INFOPLIST_FILE = "Pitchperfect practice/Info.plist";
				LD_RUNPATH_SEARCH_PATHS = (
					"$(inherited)",
					"@executable_path/Frameworks",
				);
				PRODUCT_BUNDLE_IDENTIFIER = "Isobel-Ferris.Pitchperfect-practice";
				PRODUCT_NAME = "$(TARGET_NAME)";
				PROVISIONING_PROFILE_SPECIFIER = "";
				SWIFT_VERSION = 5.0;
				TARGETED_DEVICE_FAMILY = "1,2";
			};
			name = Debug;
		};
		0877D88225BF5B0300519A1B /* Release */ = {
			isa = XCBuildConfiguration;
			buildSettings = {
				ASSETCATALOG_COMPILER_APPICON_NAME = AppIcon;
				ASSETCATALOG_COMPILER_GLOBAL_ACCENT_COLOR_NAME = AccentColor;
				CODE_SIGN_IDENTITY = "Apple Development";
				CODE_SIGN_STYLE = Automatic;
				DEVELOPMENT_TEAM = 6ZZTM86HKK;
				INFOPLIST_FILE = "Pitchperfect practice/Info.plist";
				LD_RUNPATH_SEARCH_PATHS = (
					"$(inherited)",
					"@executable_path/Frameworks",
				);
				PRODUCT_BUNDLE_IDENTIFIER = "Isobel-Ferris.Pitchperfect-practice";
				PRODUCT_NAME = "$(TARGET_NAME)";
				PROVISIONING_PROFILE_SPECIFIER = "";
				SWIFT_VERSION = 5.0;
				TARGETED_DEVICE_FAMILY = "1,2";
			};
			name = Release;
		};
/* End XCBuildConfiguration section */

/* Begin XCConfigurationList section */
		0877D86725BF5AFF00519A1B /* Build configuration list for PBXProject "Pitchperfect practice" */ = {
			isa = XCConfigurationList;
			buildConfigurations = (
				0877D87E25BF5B0300519A1B /* Debug */,
				0877D87F25BF5B0300519A1B /* Release */,
			);
			defaultConfigurationIsVisible = 0;
			defaultConfigurationName = Release;
		};
		0877D88025BF5B0300519A1B /* Build configuration list for PBXNativeTarget "Pitchperfect practice" */ = {
			isa = XCConfigurationList;
			buildConfigurations = (
				0877D88125BF5B0300519A1B /* Debug */,
				0877D88225BF5B0300519A1B /* Release */,
			);
			defaultConfigurationIsVisible = 0;
			defaultConfigurationName = Release;
		};
/* End XCConfigurationList section */
	};
	rootObject = 0877D86425BF5AFF00519A1B /* Project object */;
}
